
Microsoft Visual Studio Solution File, Format Version 12.00
# Visual Studio Version 17
VisualStudioVersion = 17.14.36623.8
MinimumVisualStudioVersion = 10.0.40219.1
Project("{FAE04EC0-301F-11D3-BF4B-00C04F79EFBC}") = "Laboratorio19", "Laboratorio19\Laboratorio19.csproj", "{FA9F157B-E2B9-4549-9150-CD1649751D13}"
EndProject
Project("{FAE04EC0-301F-11D3-BF4B-00C04F79EFBC}") = "Laboratorio192", "Laboratorio192\Laboratorio192.csproj", "{C1A99876-7FCA-422F-A4B3-EFAAFE2F6AD1}"
EndProject
Project("{FAE04EC0-301F-11D3-BF4B-00C04F79EFBC}") = "Laboratorio193", "Laboratorio193\Laboratorio193.csproj", "{84C2C409-7625-4A04-9F4A-258E00B406F6}"
EndProject
Global
	GlobalSection(SolutionConfigurationPlatforms) = preSolution
		Debug|Any CPU = Debug|Any CPU
		Release|Any CPU = Release|Any CPU
	EndGlobalSection
	GlobalSection(ProjectConfigurationPlatforms) = postSolution
		{FA9F157B-E2B9-4549-9150-CD1649751D13}.Debug|Any CPU.ActiveCfg = Debug|Any CPU
		{FA9F157B-E2B9-4549-9150-CD1649751D13}.Debug|Any CPU.Build.0 = Debug|Any CPU
		{FA9F157B-E2B9-4549-9150-CD1649751D13}.Release|Any CPU.ActiveCfg = Release|Any CPU
		{FA9F157B-E2B9-4549-9150-CD1649751D13}.Release|Any CPU.Build.0 = Release|Any CPU
		{C1A99876-7FCA-422F-A4B3-EFAAFE2F6AD1}.Debug|Any CPU.ActiveCfg = Debug|Any CPU
		{C1A99876-7FCA-422F-A4B3-EFAAFE2F6AD1}.Debug|Any CPU.Build.0 = Debug|Any CPU
		{C1A99876-7FCA-422F-A4B3-EFAAFE2F6AD1}.Release|Any CPU.ActiveCfg = Release|Any CPU
		{C1A99876-7FCA-422F-A4B3-EFAAFE2F6AD1}.Release|Any CPU.Build.0 = Release|Any CPU
		{84C2C409-7625-4A04-9F4A-258E00B406F6}.Debug|Any CPU.ActiveCfg = Debug|Any CPU
		{84C2C409-7625-4A04-9F4A-258E00B406F6}.Debug|Any CPU.Build.0 = Debug|Any CPU
		{84C2C409-7625-4A04-9F4A-258E00B406F6}.Release|Any CPU.ActiveCfg = Release|Any CPU
		{84C2C409-7625-4A04-9F4A-258E00B406F6}.Release|Any CPU.Build.0 = Release|Any CPU
	EndGlobalSection
	GlobalSection(SolutionProperties) = preSolution
		HideSolutionNode = FALSE
	EndGlobalSection
	GlobalSection(ExtensibilityGlobals) = postSolution
		SolutionGuid = {D6856F71-B4E5-4F51-9A8E-0A09F57EF2DE}
	EndGlobalSection
EndGlobal
